
Microsoft Visual Studio Solution File, Format Version 12.00
# Visual Studio Version 17
VisualStudioVersion = 17.12.35527.113
MinimumVisualStudioVersion = 10.0.40219.1
Project("{FAE04EC0-301F-11D3-BF4B-00C04F79EFBC}") = "Domain", "Domain\Domain.csproj", "{D3112B82-14D0-403E-AB2E-222F7FE7AABF}"
EndProject
Project("{FAE04EC0-301F-11D3-BF4B-00C04F79EFBC}") = "Application", "Application\Application.csproj", "{9CCB7062-FB9F-4528-9F58-2E5E48811D5D}"
EndProject
Project("{FAE04EC0-301F-11D3-BF4B-00C04F79EFBC}") = "Infrastructure", "Infrastructure\Infrastructure.csproj", "{4E9D4601-2504-47B3-9611-E6DC7E2F5359}"
EndProject
Global
	GlobalSection(SolutionConfigurationPlatforms) = preSolution
		Debug|Any CPU = Debug|Any CPU
		Release|Any CPU = Release|Any CPU
	EndGlobalSection
	GlobalSection(ProjectConfigurationPlatforms) = postSolution
		{D3112B82-14D0-403E-AB2E-222F7FE7AABF}.Debug|Any CPU.ActiveCfg = Debug|Any CPU
		{D3112B82-14D0-403E-AB2E-222F7FE7AABF}.Debug|Any CPU.Build.0 = Debug|Any CPU
		{D3112B82-14D0-403E-AB2E-222F7FE7AABF}.Release|Any CPU.ActiveCfg = Release|Any CPU
		{D3112B82-14D0-403E-AB2E-222F7FE7AABF}.Release|Any CPU.Build.0 = Release|Any CPU
		{9CCB7062-FB9F-4528-9F58-2E5E48811D5D}.Debug|Any CPU.ActiveCfg = Debug|Any CPU
		{9CCB7062-FB9F-4528-9F58-2E5E48811D5D}.Debug|Any CPU.Build.0 = Debug|Any CPU
		{9CCB7062-FB9F-4528-9F58-2E5E48811D5D}.Release|Any CPU.ActiveCfg = Release|Any CPU
		{9CCB7062-FB9F-4528-9F58-2E5E48811D5D}.Release|Any CPU.Build.0 = Release|Any CPU
		{4E9D4601-2504-47B3-9611-E6DC7E2F5359}.Debug|Any CPU.ActiveCfg = Debug|Any CPU
		{4E9D4601-2504-47B3-9611-E6DC7E2F5359}.Debug|Any CPU.Build.0 = Debug|Any CPU
		{4E9D4601-2504-47B3-9611-E6DC7E2F5359}.Release|Any CPU.ActiveCfg = Release|Any CPU
		{4E9D4601-2504-47B3-9611-E6DC7E2F5359}.Release|Any CPU.Build.0 = Release|Any CPU
	EndGlobalSection
	GlobalSection(SolutionProperties) = preSolution
		HideSolutionNode = FALSE
	EndGlobalSection
EndGlobal
